
Microsoft Visual Studio Solution File, Format Version 12.00
# Visual Studio Version 17
VisualStudioVersion = 17.13.35913.81 d17.13
MinimumVisualStudioVersion = 10.0.40219.1
Project("{FAE04EC0-301F-11D3-BF4B-00C04F79EFBC}") = "assignment_mvc_carrental", "assignment_mvc_carrental.csproj", "{7CC98458-FED6-4F8D-A44D-5C7F5648FE21}"
EndProject
Global
	GlobalSection(SolutionConfigurationPlatforms) = preSolution
		Debug|Any CPU = Debug|Any CPU
		Release|Any CPU = Release|Any CPU
	EndGlobalSection
	GlobalSection(ProjectConfigurationPlatforms) = postSolution
		{7CC98458-FED6-4F8D-A44D-5C7F5648FE21}.Debug|Any CPU.ActiveCfg = Debug|Any CPU
		{7CC98458-FED6-4F8D-A44D-5C7F5648FE21}.Debug|Any CPU.Build.0 = Debug|Any CPU
		{7CC98458-FED6-4F8D-A44D-5C7F5648FE21}.Release|Any CPU.ActiveCfg = Release|Any CPU
		{7CC98458-FED6-4F8D-A44D-5C7F5648FE21}.Release|Any CPU.Build.0 = Release|Any CPU
	EndGlobalSection
	GlobalSection(SolutionProperties) = preSolution
		HideSolutionNode = FALSE
	EndGlobalSection
	GlobalSection(ExtensibilityGlobals) = postSolution
		SolutionGuid = {31A95771-733A-4A89-87FC-336021AD212E}
	EndGlobalSection
EndGlobal
